
Microsoft Visual Studio Solution File, Format Version 12.00
# Visual Studio Version 17
VisualStudioVersion = 17.4.33122.133
MinimumVisualStudioVersion = 10.0.40219.1
Project("{FAE04EC0-301F-11D3-BF4B-00C04F79EFBC}") = "HasanFinalDeneme2", "HasanFinalDeneme2\HasanFinalDeneme2.csproj", "{8FCBCAD5-954F-4996-8619-083A2767DEB3}"
EndProject
Global
	GlobalSection(SolutionConfigurationPlatforms) = preSolution
		Debug|Any CPU = Debug|Any CPU
		Release|Any CPU = Release|Any CPU
	EndGlobalSection
	GlobalSection(ProjectConfigurationPlatforms) = postSolution
		{8FCBCAD5-954F-4996-8619-083A2767DEB3}.Debug|Any CPU.ActiveCfg = Debug|Any CPU
		{8FCBCAD5-954F-4996-8619-083A2767DEB3}.Debug|Any CPU.Build.0 = Debug|Any CPU
		{8FCBCAD5-954F-4996-8619-083A2767DEB3}.Release|Any CPU.ActiveCfg = Release|Any CPU
		{8FCBCAD5-954F-4996-8619-083A2767DEB3}.Release|Any CPU.Build.0 = Release|Any CPU
	EndGlobalSection
	GlobalSection(SolutionProperties) = preSolution
		HideSolutionNode = FALSE
	EndGlobalSection
	GlobalSection(ExtensibilityGlobals) = postSolution
		SolutionGuid = {BAFB6357-5A30-4EF5-A5A3-FF1575AA3A5D}
	EndGlobalSection
EndGlobal
