
Microsoft Visual Studio Solution File, Format Version 12.00
# Visual Studio Version 17
VisualStudioVersion = 17.3.32929.385
MinimumVisualStudioVersion = 10.0.40219.1
Project("{FAE04EC0-301F-11D3-BF4B-00C04F79EFBC}") = "AliHocaDers7", "AliHocaDers7\AliHocaDers7.csproj", "{EFFBC187-8AE3-4F5C-891F-45960F7A07C1}"
EndProject
Global
	GlobalSection(SolutionConfigurationPlatforms) = preSolution
		Debug|Any CPU = Debug|Any CPU
		Release|Any CPU = Release|Any CPU
	EndGlobalSection
	GlobalSection(ProjectConfigurationPlatforms) = postSolution
		{EFFBC187-8AE3-4F5C-891F-45960F7A07C1}.Debug|Any CPU.ActiveCfg = Debug|Any CPU
		{EFFBC187-8AE3-4F5C-891F-45960F7A07C1}.Debug|Any CPU.Build.0 = Debug|Any CPU
		{EFFBC187-8AE3-4F5C-891F-45960F7A07C1}.Release|Any CPU.ActiveCfg = Release|Any CPU
		{EFFBC187-8AE3-4F5C-891F-45960F7A07C1}.Release|Any CPU.Build.0 = Release|Any CPU
	EndGlobalSection
	GlobalSection(SolutionProperties) = preSolution
		HideSolutionNode = FALSE
	EndGlobalSection
	GlobalSection(ExtensibilityGlobals) = postSolution
		SolutionGuid = {6338A5CF-033D-4075-9F6E-A6C58600BB90}
	EndGlobalSection
EndGlobal
