
Microsoft Visual Studio Solution File, Format Version 12.00
# Visual Studio Version 17
VisualStudioVersion = 17.2.32602.215
MinimumVisualStudioVersion = 10.0.40219.1
Project("{FAE04EC0-301F-11D3-BF4B-00C04F79EFBC}") = "loops", "loops\loops.csproj", "{4373A9EB-71AB-443C-9E42-6752E0E77822}"
EndProject
Global
	GlobalSection(SolutionConfigurationPlatforms) = preSolution
		Debug|Any CPU = Debug|Any CPU
		Release|Any CPU = Release|Any CPU
	EndGlobalSection
	GlobalSection(ProjectConfigurationPlatforms) = postSolution
		{4373A9EB-71AB-443C-9E42-6752E0E77822}.Debug|Any CPU.ActiveCfg = Debug|Any CPU
		{4373A9EB-71AB-443C-9E42-6752E0E77822}.Debug|Any CPU.Build.0 = Debug|Any CPU
		{4373A9EB-71AB-443C-9E42-6752E0E77822}.Release|Any CPU.ActiveCfg = Release|Any CPU
		{4373A9EB-71AB-443C-9E42-6752E0E77822}.Release|Any CPU.Build.0 = Release|Any CPU
	EndGlobalSection
	GlobalSection(SolutionProperties) = preSolution
		HideSolutionNode = FALSE
	EndGlobalSection
	GlobalSection(ExtensibilityGlobals) = postSolution
		SolutionGuid = {C3FBD91A-BA70-4F15-8460-16F3A0189432}
	EndGlobalSection
EndGlobal
