
Microsoft Visual Studio Solution File, Format Version 12.00
# Visual Studio Version 17
VisualStudioVersion = 17.2.32602.215
MinimumVisualStudioVersion = 10.0.40219.1
Project("{FAE04EC0-301F-11D3-BF4B-00C04F79EFBC}") = "ornekAsalSayı", "ornekAsalSayı\ornekAsalSayı.csproj", "{AF6EB952-99ED-4BE1-B221-4965644B3A6B}"
EndProject
Global
	GlobalSection(SolutionConfigurationPlatforms) = preSolution
		Debug|Any CPU = Debug|Any CPU
		Release|Any CPU = Release|Any CPU
	EndGlobalSection
	GlobalSection(ProjectConfigurationPlatforms) = postSolution
		{AF6EB952-99ED-4BE1-B221-4965644B3A6B}.Debug|Any CPU.ActiveCfg = Debug|Any CPU
		{AF6EB952-99ED-4BE1-B221-4965644B3A6B}.Debug|Any CPU.Build.0 = Debug|Any CPU
		{AF6EB952-99ED-4BE1-B221-4965644B3A6B}.Release|Any CPU.ActiveCfg = Release|Any CPU
		{AF6EB952-99ED-4BE1-B221-4965644B3A6B}.Release|Any CPU.Build.0 = Release|Any CPU
	EndGlobalSection
	GlobalSection(SolutionProperties) = preSolution
		HideSolutionNode = FALSE
	EndGlobalSection
	GlobalSection(ExtensibilityGlobals) = postSolution
		SolutionGuid = {046DA21B-EF44-4FAF-99C9-CC0C621A5161}
	EndGlobalSection
EndGlobal
