
Microsoft Visual Studio Solution File, Format Version 12.00
# Visual Studio Version 17
VisualStudioVersion = 17.3.32929.385
MinimumVisualStudioVersion = 10.0.40219.1
Project("{FAE04EC0-301F-11D3-BF4B-00C04F79EFBC}") = "HasanVize9", "HasanVize9\HasanVize9.csproj", "{44B5EC74-4B97-4836-A2CD-323CD969AC1D}"
EndProject
Global
	GlobalSection(SolutionConfigurationPlatforms) = preSolution
		Debug|Any CPU = Debug|Any CPU
		Release|Any CPU = Release|Any CPU
	EndGlobalSection
	GlobalSection(ProjectConfigurationPlatforms) = postSolution
		{44B5EC74-4B97-4836-A2CD-323CD969AC1D}.Debug|Any CPU.ActiveCfg = Debug|Any CPU
		{44B5EC74-4B97-4836-A2CD-323CD969AC1D}.Debug|Any CPU.Build.0 = Debug|Any CPU
		{44B5EC74-4B97-4836-A2CD-323CD969AC1D}.Release|Any CPU.ActiveCfg = Release|Any CPU
		{44B5EC74-4B97-4836-A2CD-323CD969AC1D}.Release|Any CPU.Build.0 = Release|Any CPU
	EndGlobalSection
	GlobalSection(SolutionProperties) = preSolution
		HideSolutionNode = FALSE
	EndGlobalSection
	GlobalSection(ExtensibilityGlobals) = postSolution
		SolutionGuid = {50E97D9D-43CA-48C5-8FEF-35ED07F59798}
	EndGlobalSection
EndGlobal
