
Microsoft Visual Studio Solution File, Format Version 12.00
# Visual Studio Version 17
VisualStudioVersion = 17.3.32929.385
MinimumVisualStudioVersion = 10.0.40219.1
Project("{FAE04EC0-301F-11D3-BF4B-00C04F79EFBC}") = "HasanVize5", "HasanVize5\HasanVize5.csproj", "{57C0A559-1AE7-4177-B70B-DC28C260257C}"
EndProject
Global
	GlobalSection(SolutionConfigurationPlatforms) = preSolution
		Debug|Any CPU = Debug|Any CPU
		Release|Any CPU = Release|Any CPU
	EndGlobalSection
	GlobalSection(ProjectConfigurationPlatforms) = postSolution
		{57C0A559-1AE7-4177-B70B-DC28C260257C}.Debug|Any CPU.ActiveCfg = Debug|Any CPU
		{57C0A559-1AE7-4177-B70B-DC28C260257C}.Debug|Any CPU.Build.0 = Debug|Any CPU
		{57C0A559-1AE7-4177-B70B-DC28C260257C}.Release|Any CPU.ActiveCfg = Release|Any CPU
		{57C0A559-1AE7-4177-B70B-DC28C260257C}.Release|Any CPU.Build.0 = Release|Any CPU
	EndGlobalSection
	GlobalSection(SolutionProperties) = preSolution
		HideSolutionNode = FALSE
	EndGlobalSection
	GlobalSection(ExtensibilityGlobals) = postSolution
		SolutionGuid = {35D14F3D-FC92-4B48-9A11-E44D6428E264}
	EndGlobalSection
EndGlobal
