
Microsoft Visual Studio Solution File, Format Version 12.00
# Visual Studio Version 17
VisualStudioVersion = 17.2.32602.215
MinimumVisualStudioVersion = 10.0.40219.1
Project("{FAE04EC0-301F-11D3-BF4B-00C04F79EFBC}") = "MuratY5", "MuratY5\MuratY5.csproj", "{C7C35FEA-8C2E-4E05-907E-6A783DA2A209}"
EndProject
Global
	GlobalSection(SolutionConfigurationPlatforms) = preSolution
		Debug|Any CPU = Debug|Any CPU
		Release|Any CPU = Release|Any CPU
	EndGlobalSection
	GlobalSection(ProjectConfigurationPlatforms) = postSolution
		{C7C35FEA-8C2E-4E05-907E-6A783DA2A209}.Debug|Any CPU.ActiveCfg = Debug|Any CPU
		{C7C35FEA-8C2E-4E05-907E-6A783DA2A209}.Debug|Any CPU.Build.0 = Debug|Any CPU
		{C7C35FEA-8C2E-4E05-907E-6A783DA2A209}.Release|Any CPU.ActiveCfg = Release|Any CPU
		{C7C35FEA-8C2E-4E05-907E-6A783DA2A209}.Release|Any CPU.Build.0 = Release|Any CPU
	EndGlobalSection
	GlobalSection(SolutionProperties) = preSolution
		HideSolutionNode = FALSE
	EndGlobalSection
	GlobalSection(ExtensibilityGlobals) = postSolution
		SolutionGuid = {35216A4E-D1AD-4ABA-B80C-000146B744F9}
	EndGlobalSection
EndGlobal
