
Microsoft Visual Studio Solution File, Format Version 12.00
# Visual Studio Version 17
VisualStudioVersion = 17.3.32929.385
MinimumVisualStudioVersion = 10.0.40219.1
Project("{FAE04EC0-301F-11D3-BF4B-00C04F79EFBC}") = "HasaNĞĞ Vizeeeğğ5", "HasaNĞĞ Vizeeeğğ5\HasaNĞĞ Vizeeeğğ5.csproj", "{AFAF6E0C-0EB0-45D6-81AB-4FF330413BDD}"
EndProject
Global
	GlobalSection(SolutionConfigurationPlatforms) = preSolution
		Debug|Any CPU = Debug|Any CPU
		Release|Any CPU = Release|Any CPU
	EndGlobalSection
	GlobalSection(ProjectConfigurationPlatforms) = postSolution
		{AFAF6E0C-0EB0-45D6-81AB-4FF330413BDD}.Debug|Any CPU.ActiveCfg = Debug|Any CPU
		{AFAF6E0C-0EB0-45D6-81AB-4FF330413BDD}.Debug|Any CPU.Build.0 = Debug|Any CPU
		{AFAF6E0C-0EB0-45D6-81AB-4FF330413BDD}.Release|Any CPU.ActiveCfg = Release|Any CPU
		{AFAF6E0C-0EB0-45D6-81AB-4FF330413BDD}.Release|Any CPU.Build.0 = Release|Any CPU
	EndGlobalSection
	GlobalSection(SolutionProperties) = preSolution
		HideSolutionNode = FALSE
	EndGlobalSection
	GlobalSection(ExtensibilityGlobals) = postSolution
		SolutionGuid = {5E224727-BD44-40E6-9EFC-EE9802EBC416}
	EndGlobalSection
EndGlobal
