
Microsoft Visual Studio Solution File, Format Version 12.00
# Visual Studio Version 17
VisualStudioVersion = 17.6.33829.357
MinimumVisualStudioVersion = 10.0.40219.1
Project("{FAE04EC0-301F-11D3-BF4B-00C04F79EFBC}") = "PassaparolaUygulaması", "PassaparolaUygulaması\PassaparolaUygulaması.csproj", "{F7E8681C-6177-4C02-A03D-5F11EFEBFD17}"
EndProject
Global
	GlobalSection(SolutionConfigurationPlatforms) = preSolution
		Debug|Any CPU = Debug|Any CPU
		Release|Any CPU = Release|Any CPU
	EndGlobalSection
	GlobalSection(ProjectConfigurationPlatforms) = postSolution
		{F7E8681C-6177-4C02-A03D-5F11EFEBFD17}.Debug|Any CPU.ActiveCfg = Debug|Any CPU
		{F7E8681C-6177-4C02-A03D-5F11EFEBFD17}.Debug|Any CPU.Build.0 = Debug|Any CPU
		{F7E8681C-6177-4C02-A03D-5F11EFEBFD17}.Release|Any CPU.ActiveCfg = Release|Any CPU
		{F7E8681C-6177-4C02-A03D-5F11EFEBFD17}.Release|Any CPU.Build.0 = Release|Any CPU
	EndGlobalSection
	GlobalSection(SolutionProperties) = preSolution
		HideSolutionNode = FALSE
	EndGlobalSection
	GlobalSection(ExtensibilityGlobals) = postSolution
		SolutionGuid = {1EA44297-314D-4EF1-A40C-9EDD6E09B957}
	EndGlobalSection
EndGlobal
