
Microsoft Visual Studio Solution File, Format Version 12.00
# Visual Studio Version 17
VisualStudioVersion = 17.2.32602.215
MinimumVisualStudioVersion = 10.0.40219.1
Project("{FAE04EC0-301F-11D3-BF4B-00C04F79EFBC}") = "Odev2", "ConsoleApp2\Odev2.csproj", "{D6B06FCA-C302-46FD-9F4D-02196A9B4163}"
EndProject
Global
	GlobalSection(SolutionConfigurationPlatforms) = preSolution
		Debug|Any CPU = Debug|Any CPU
		Release|Any CPU = Release|Any CPU
	EndGlobalSection
	GlobalSection(ProjectConfigurationPlatforms) = postSolution
		{D6B06FCA-C302-46FD-9F4D-02196A9B4163}.Debug|Any CPU.ActiveCfg = Debug|Any CPU
		{D6B06FCA-C302-46FD-9F4D-02196A9B4163}.Debug|Any CPU.Build.0 = Debug|Any CPU
		{D6B06FCA-C302-46FD-9F4D-02196A9B4163}.Release|Any CPU.ActiveCfg = Release|Any CPU
		{D6B06FCA-C302-46FD-9F4D-02196A9B4163}.Release|Any CPU.Build.0 = Release|Any CPU
	EndGlobalSection
	GlobalSection(SolutionProperties) = preSolution
		HideSolutionNode = FALSE
	EndGlobalSection
	GlobalSection(ExtensibilityGlobals) = postSolution
		SolutionGuid = {DAD847EB-45E1-4AFD-8D91-AFEB815BF343}
	EndGlobalSection
EndGlobal
