
Microsoft Visual Studio Solution File, Format Version 12.00
# Visual Studio Version 17
VisualStudioVersion = 17.3.32929.385
MinimumVisualStudioVersion = 10.0.40219.1
Project("{FAE04EC0-301F-11D3-BF4B-00C04F79EFBC}") = "MuratYFormArasıTasima", "MuratYFormArasıTasima\MuratYFormArasıTasima.csproj", "{8744E5F6-F387-4619-8E3D-2B072ADB3BFD}"
EndProject
Global
	GlobalSection(SolutionConfigurationPlatforms) = preSolution
		Debug|Any CPU = Debug|Any CPU
		Release|Any CPU = Release|Any CPU
	EndGlobalSection
	GlobalSection(ProjectConfigurationPlatforms) = postSolution
		{8744E5F6-F387-4619-8E3D-2B072ADB3BFD}.Debug|Any CPU.ActiveCfg = Debug|Any CPU
		{8744E5F6-F387-4619-8E3D-2B072ADB3BFD}.Debug|Any CPU.Build.0 = Debug|Any CPU
		{8744E5F6-F387-4619-8E3D-2B072ADB3BFD}.Release|Any CPU.ActiveCfg = Release|Any CPU
		{8744E5F6-F387-4619-8E3D-2B072ADB3BFD}.Release|Any CPU.Build.0 = Release|Any CPU
	EndGlobalSection
	GlobalSection(SolutionProperties) = preSolution
		HideSolutionNode = FALSE
	EndGlobalSection
	GlobalSection(ExtensibilityGlobals) = postSolution
		SolutionGuid = {973787F6-94C0-4A5B-9EF1-886338D7E7F1}
	EndGlobalSection
EndGlobal
