
Microsoft Visual Studio Solution File, Format Version 12.00
# Visual Studio Version 17
VisualStudioVersion = 17.4.33122.133
MinimumVisualStudioVersion = 10.0.40219.1
Project("{FAE04EC0-301F-11D3-BF4B-00C04F79EFBC}") = "AliHocaSonSon", "AliHocaSonSon\AliHocaSonSon.csproj", "{3A3A6916-F71F-4C8C-AF2D-5CCA2E77CB39}"
EndProject
Global
	GlobalSection(SolutionConfigurationPlatforms) = preSolution
		Debug|Any CPU = Debug|Any CPU
		Release|Any CPU = Release|Any CPU
	EndGlobalSection
	GlobalSection(ProjectConfigurationPlatforms) = postSolution
		{3A3A6916-F71F-4C8C-AF2D-5CCA2E77CB39}.Debug|Any CPU.ActiveCfg = Debug|Any CPU
		{3A3A6916-F71F-4C8C-AF2D-5CCA2E77CB39}.Debug|Any CPU.Build.0 = Debug|Any CPU
		{3A3A6916-F71F-4C8C-AF2D-5CCA2E77CB39}.Release|Any CPU.ActiveCfg = Release|Any CPU
		{3A3A6916-F71F-4C8C-AF2D-5CCA2E77CB39}.Release|Any CPU.Build.0 = Release|Any CPU
	EndGlobalSection
	GlobalSection(SolutionProperties) = preSolution
		HideSolutionNode = FALSE
	EndGlobalSection
	GlobalSection(ExtensibilityGlobals) = postSolution
		SolutionGuid = {60E52286-B9EB-4EC4-A86A-0B8A7C4A7B86}
	EndGlobalSection
EndGlobal
