
Microsoft Visual Studio Solution File, Format Version 12.00
# Visual Studio Version 17
VisualStudioVersion = 17.2.32602.215
MinimumVisualStudioVersion = 10.0.40219.1
Project("{FAE04EC0-301F-11D3-BF4B-00C04F79EFBC}") = "RecapProjecr1", "RecapProjecr1\RecapProjecr1.csproj", "{2F4F6F4D-20A7-4589-9B34-CDE98ED4E96D}"
EndProject
Global
	GlobalSection(SolutionConfigurationPlatforms) = preSolution
		Debug|Any CPU = Debug|Any CPU
		Release|Any CPU = Release|Any CPU
	EndGlobalSection
	GlobalSection(ProjectConfigurationPlatforms) = postSolution
		{2F4F6F4D-20A7-4589-9B34-CDE98ED4E96D}.Debug|Any CPU.ActiveCfg = Debug|Any CPU
		{2F4F6F4D-20A7-4589-9B34-CDE98ED4E96D}.Debug|Any CPU.Build.0 = Debug|Any CPU
		{2F4F6F4D-20A7-4589-9B34-CDE98ED4E96D}.Release|Any CPU.ActiveCfg = Release|Any CPU
		{2F4F6F4D-20A7-4589-9B34-CDE98ED4E96D}.Release|Any CPU.Build.0 = Release|Any CPU
	EndGlobalSection
	GlobalSection(SolutionProperties) = preSolution
		HideSolutionNode = FALSE
	EndGlobalSection
	GlobalSection(ExtensibilityGlobals) = postSolution
		SolutionGuid = {7191E119-83B3-4417-BDB7-C59F545E0CF0}
	EndGlobalSection
EndGlobal
