
Microsoft Visual Studio Solution File, Format Version 12.00
# Visual Studio Version 17
VisualStudioVersion = 17.3.32929.385
MinimumVisualStudioVersion = 10.0.40219.1
Project("{FAE04EC0-301F-11D3-BF4B-00C04F79EFBC}") = "AliHocaDers8", "AliHocaDers8\AliHocaDers8.csproj", "{88BB760D-1FC2-47F7-BA07-34F76B6E20DE}"
EndProject
Global
	GlobalSection(SolutionConfigurationPlatforms) = preSolution
		Debug|Any CPU = Debug|Any CPU
		Release|Any CPU = Release|Any CPU
	EndGlobalSection
	GlobalSection(ProjectConfigurationPlatforms) = postSolution
		{88BB760D-1FC2-47F7-BA07-34F76B6E20DE}.Debug|Any CPU.ActiveCfg = Debug|Any CPU
		{88BB760D-1FC2-47F7-BA07-34F76B6E20DE}.Debug|Any CPU.Build.0 = Debug|Any CPU
		{88BB760D-1FC2-47F7-BA07-34F76B6E20DE}.Release|Any CPU.ActiveCfg = Release|Any CPU
		{88BB760D-1FC2-47F7-BA07-34F76B6E20DE}.Release|Any CPU.Build.0 = Release|Any CPU
	EndGlobalSection
	GlobalSection(SolutionProperties) = preSolution
		HideSolutionNode = FALSE
	EndGlobalSection
	GlobalSection(ExtensibilityGlobals) = postSolution
		SolutionGuid = {3BD9BE74-D4EB-436D-B77F-90DC30E65484}
	EndGlobalSection
EndGlobal
