
Microsoft Visual Studio Solution File, Format Version 12.00
# Visual Studio Version 17
VisualStudioVersion = 17.2.32602.215
MinimumVisualStudioVersion = 10.0.40219.1
Project("{FAE04EC0-301F-11D3-BF4B-00C04F79EFBC}") = "RecapDemo2", "RecapDemo2\RecapDemo2.csproj", "{15C94C41-F4D1-46CD-B7AC-BA984518F0CD}"
EndProject
Global
	GlobalSection(SolutionConfigurationPlatforms) = preSolution
		Debug|Any CPU = Debug|Any CPU
		Release|Any CPU = Release|Any CPU
	EndGlobalSection
	GlobalSection(ProjectConfigurationPlatforms) = postSolution
		{15C94C41-F4D1-46CD-B7AC-BA984518F0CD}.Debug|Any CPU.ActiveCfg = Debug|Any CPU
		{15C94C41-F4D1-46CD-B7AC-BA984518F0CD}.Debug|Any CPU.Build.0 = Debug|Any CPU
		{15C94C41-F4D1-46CD-B7AC-BA984518F0CD}.Release|Any CPU.ActiveCfg = Release|Any CPU
		{15C94C41-F4D1-46CD-B7AC-BA984518F0CD}.Release|Any CPU.Build.0 = Release|Any CPU
	EndGlobalSection
	GlobalSection(SolutionProperties) = preSolution
		HideSolutionNode = FALSE
	EndGlobalSection
	GlobalSection(ExtensibilityGlobals) = postSolution
		SolutionGuid = {EB10B171-C3E4-4617-9201-BCABCD842285}
	EndGlobalSection
EndGlobal
