
Microsoft Visual Studio Solution File, Format Version 12.00
# Visual Studio Version 17
VisualStudioVersion = 17.3.32929.385
MinimumVisualStudioVersion = 10.0.40219.1
Project("{FAE04EC0-301F-11D3-BF4B-00C04F79EFBC}") = "AliHocaDers5", "AliHocaDers5\AliHocaDers5.csproj", "{C0B9785D-DF81-4116-A671-DDAE6AE19EA8}"
EndProject
Global
	GlobalSection(SolutionConfigurationPlatforms) = preSolution
		Debug|Any CPU = Debug|Any CPU
		Release|Any CPU = Release|Any CPU
	EndGlobalSection
	GlobalSection(ProjectConfigurationPlatforms) = postSolution
		{C0B9785D-DF81-4116-A671-DDAE6AE19EA8}.Debug|Any CPU.ActiveCfg = Debug|Any CPU
		{C0B9785D-DF81-4116-A671-DDAE6AE19EA8}.Debug|Any CPU.Build.0 = Debug|Any CPU
		{C0B9785D-DF81-4116-A671-DDAE6AE19EA8}.Release|Any CPU.ActiveCfg = Release|Any CPU
		{C0B9785D-DF81-4116-A671-DDAE6AE19EA8}.Release|Any CPU.Build.0 = Release|Any CPU
	EndGlobalSection
	GlobalSection(SolutionProperties) = preSolution
		HideSolutionNode = FALSE
	EndGlobalSection
	GlobalSection(ExtensibilityGlobals) = postSolution
		SolutionGuid = {563D75C7-BD8C-4F9D-8FBF-2D87C8C1BD7A}
	EndGlobalSection
EndGlobal
