
Microsoft Visual Studio Solution File, Format Version 12.00
# Visual Studio Version 17
VisualStudioVersion = 17.2.32602.215
MinimumVisualStudioVersion = 10.0.40219.1
Project("{FAE04EC0-301F-11D3-BF4B-00C04F79EFBC}") = "Uygulama", "Uygulama\Uygulama.csproj", "{9ECE59A2-CF4C-46AB-AADB-1E083CA1DA0C}"
EndProject
Global
	GlobalSection(SolutionConfigurationPlatforms) = preSolution
		Debug|Any CPU = Debug|Any CPU
		Release|Any CPU = Release|Any CPU
	EndGlobalSection
	GlobalSection(ProjectConfigurationPlatforms) = postSolution
		{9ECE59A2-CF4C-46AB-AADB-1E083CA1DA0C}.Debug|Any CPU.ActiveCfg = Debug|Any CPU
		{9ECE59A2-CF4C-46AB-AADB-1E083CA1DA0C}.Debug|Any CPU.Build.0 = Debug|Any CPU
		{9ECE59A2-CF4C-46AB-AADB-1E083CA1DA0C}.Release|Any CPU.ActiveCfg = Release|Any CPU
		{9ECE59A2-CF4C-46AB-AADB-1E083CA1DA0C}.Release|Any CPU.Build.0 = Release|Any CPU
	EndGlobalSection
	GlobalSection(SolutionProperties) = preSolution
		HideSolutionNode = FALSE
	EndGlobalSection
	GlobalSection(ExtensibilityGlobals) = postSolution
		SolutionGuid = {EE91E447-EBE4-4AAF-A406-89E840EF716B}
	EndGlobalSection
EndGlobal
