
Microsoft Visual Studio Solution File, Format Version 12.00
# Visual Studio Version 17
VisualStudioVersion = 17.2.32602.215
MinimumVisualStudioVersion = 10.0.40219.1
Project("{FAE04EC0-301F-11D3-BF4B-00C04F79EFBC}") = "MuratY6", "MuratY6\MuratY6.csproj", "{E16581D0-BCA1-4656-86F2-346E2C843712}"
EndProject
Global
	GlobalSection(SolutionConfigurationPlatforms) = preSolution
		Debug|Any CPU = Debug|Any CPU
		Release|Any CPU = Release|Any CPU
	EndGlobalSection
	GlobalSection(ProjectConfigurationPlatforms) = postSolution
		{E16581D0-BCA1-4656-86F2-346E2C843712}.Debug|Any CPU.ActiveCfg = Debug|Any CPU
		{E16581D0-BCA1-4656-86F2-346E2C843712}.Debug|Any CPU.Build.0 = Debug|Any CPU
		{E16581D0-BCA1-4656-86F2-346E2C843712}.Release|Any CPU.ActiveCfg = Release|Any CPU
		{E16581D0-BCA1-4656-86F2-346E2C843712}.Release|Any CPU.Build.0 = Release|Any CPU
	EndGlobalSection
	GlobalSection(SolutionProperties) = preSolution
		HideSolutionNode = FALSE
	EndGlobalSection
	GlobalSection(ExtensibilityGlobals) = postSolution
		SolutionGuid = {2C21CD65-4DCC-4D70-B1A3-F6FD846C343F}
	EndGlobalSection
EndGlobal
