
Microsoft Visual Studio Solution File, Format Version 12.00
# Visual Studio Version 17
VisualStudioVersion = 17.2.32602.215
MinimumVisualStudioVersion = 10.0.40219.1
Project("{FAE04EC0-301F-11D3-BF4B-00C04F79EFBC}") = "VituralMethods", "VituralMethods\VituralMethods.csproj", "{4A249A89-BC85-46EF-A5A8-B44C3481EEB5}"
EndProject
Global
	GlobalSection(SolutionConfigurationPlatforms) = preSolution
		Debug|Any CPU = Debug|Any CPU
		Release|Any CPU = Release|Any CPU
	EndGlobalSection
	GlobalSection(ProjectConfigurationPlatforms) = postSolution
		{4A249A89-BC85-46EF-A5A8-B44C3481EEB5}.Debug|Any CPU.ActiveCfg = Debug|Any CPU
		{4A249A89-BC85-46EF-A5A8-B44C3481EEB5}.Debug|Any CPU.Build.0 = Debug|Any CPU
		{4A249A89-BC85-46EF-A5A8-B44C3481EEB5}.Release|Any CPU.ActiveCfg = Release|Any CPU
		{4A249A89-BC85-46EF-A5A8-B44C3481EEB5}.Release|Any CPU.Build.0 = Release|Any CPU
	EndGlobalSection
	GlobalSection(SolutionProperties) = preSolution
		HideSolutionNode = FALSE
	EndGlobalSection
	GlobalSection(ExtensibilityGlobals) = postSolution
		SolutionGuid = {399B889C-85C1-4997-8E0B-D962D80F89E6}
	EndGlobalSection
EndGlobal
